
Microsoft Visual Studio Solution File, Format Version 12.00
# Visual Studio Version 17
VisualStudioVersion = 17.0.31903.59
MinimumVisualStudioVersion = 10.0.40219.1
Project("{9A19103F-16F7-4668-BE54-9A1E7A4F7556}") = "calc0_9", "calc0_9\calc0_9.csproj", "{383333CC-F4BB-4727-88B9-595FBA31C54A}"
EndProject
Project("{9A19103F-16F7-4668-BE54-9A1E7A4F7556}") = "calc1_9", "calc1_9\calc1_9.csproj", "{E20BD4D4-1E85-44D4-AF21-E30B068204D4}"
EndProject
Project("{9A19103F-16F7-4668-BE54-9A1E7A4F7556}") = "calc2_9", "calc2_9\calc2_9.csproj", "{4743E8D6-DCBD-41F7-8645-AC7ECC596993}"
EndProject
Global
	GlobalSection(SolutionConfigurationPlatforms) = preSolution
		Debug|Any CPU = Debug|Any CPU
		Release|Any CPU = Release|Any CPU
	EndGlobalSection
	GlobalSection(ProjectConfigurationPlatforms) = postSolution
		{383333CC-F4BB-4727-88B9-595FBA31C54A}.Debug|Any CPU.ActiveCfg = Debug|Any CPU
		{383333CC-F4BB-4727-88B9-595FBA31C54A}.Debug|Any CPU.Build.0 = Debug|Any CPU
		{383333CC-F4BB-4727-88B9-595FBA31C54A}.Release|Any CPU.ActiveCfg = Release|Any CPU
		{383333CC-F4BB-4727-88B9-595FBA31C54A}.Release|Any CPU.Build.0 = Release|Any CPU
		{E20BD4D4-1E85-44D4-AF21-E30B068204D4}.Debug|Any CPU.ActiveCfg = Debug|Any CPU
		{E20BD4D4-1E85-44D4-AF21-E30B068204D4}.Debug|Any CPU.Build.0 = Debug|Any CPU
		{E20BD4D4-1E85-44D4-AF21-E30B068204D4}.Release|Any CPU.ActiveCfg = Release|Any CPU
		{E20BD4D4-1E85-44D4-AF21-E30B068204D4}.Release|Any CPU.Build.0 = Release|Any CPU
		{4743E8D6-DCBD-41F7-8645-AC7ECC596993}.Debug|Any CPU.ActiveCfg = Debug|Any CPU
		{4743E8D6-DCBD-41F7-8645-AC7ECC596993}.Debug|Any CPU.Build.0 = Debug|Any CPU
		{4743E8D6-DCBD-41F7-8645-AC7ECC596993}.Release|Any CPU.ActiveCfg = Release|Any CPU
		{4743E8D6-DCBD-41F7-8645-AC7ECC596993}.Release|Any CPU.Build.0 = Release|Any CPU
	EndGlobalSection
	GlobalSection(SolutionProperties) = preSolution
		HideSolutionNode = FALSE
	EndGlobalSection
	GlobalSection(ExtensibilityGlobals) = postSolution
		SolutionGuid = {DE3A3B7A-F0BF-4A4D-BFF5-6F1C3BB1A551}
	EndGlobalSection
EndGlobal
